// !$*UTF8*$!
{
	archiveVersion = 1;
	classes = {
	};
	objectVersion = 50;
	objects = {

/* Begin PBXBuildFile section */
		17A06B6FA41A2A3A732EFDB9 /* Pods_watchApp_WatchKit_App.framework in Frameworks */ = {isa = PBXBuildFile; fileRef = 2EDA93B458C15D8C2CE1964B /* Pods_watchApp_WatchKit_App.framework */; };
		216E4CE0CE0EB2C3181CD0AE /* Pods_watchApp_WatchKit_Extension.framework in Frameworks */ = {isa = PBXBuildFile; fileRef = C25194EB9F14B2FC4C53F7E5 /* Pods_watchApp_WatchKit_Extension.framework */; };
		22CE81964D1843DBE15FEBE8 /* Pods_watchAppUITests.framework in Frameworks */ = {isa = PBXBuildFile; fileRef = 67290C873698B8FA4BD9F732 /* Pods_watchAppUITests.framework */; };
		3E6162F8BB02AB6BC6B1AA42 /* Pods_watchApp.framework in Frameworks */ = {isa = PBXBuildFile; fileRef = 233506982F0C97F2F37A3130 /* Pods_watchApp.framework */; };
		9BB0D0F821936A5C00D4CA4C /* GoogleService-Info.plist in Resources */ = {isa = PBXBuildFile; fileRef = 9BB0D0F721936A5B00D4CA4C /* GoogleService-Info.plist */; };
		9BB0D0F921936A5C00D4CA4C /* GoogleService-Info.plist in Resources */ = {isa = PBXBuildFile; fileRef = 9BB0D0F721936A5B00D4CA4C /* GoogleService-Info.plist */; };
		9BB0D0FA21936A5C00D4CA4C /* GoogleService-Info.plist in Resources */ = {isa = PBXBuildFile; fileRef = 9BB0D0F721936A5B00D4CA4C /* GoogleService-Info.plist */; };
		9BB0D0FB21936A5C00D4CA4C /* GoogleService-Info.plist in Resources */ = {isa = PBXBuildFile; fileRef = 9BB0D0F721936A5B00D4CA4C /* GoogleService-Info.plist */; };
		9BB0D0FC21936A5C00D4CA4C /* GoogleService-Info.plist in Resources */ = {isa = PBXBuildFile; fileRef = 9BB0D0F721936A5B00D4CA4C /* GoogleService-Info.plist */; };
		DDD704A5E3BAA0B3062DDB25 /* Pods_watchAppTests.framework in Frameworks */ = {isa = PBXBuildFile; fileRef = 710BA07B128B872EB4CA7174 /* Pods_watchAppTests.framework */; };
		CA937091218CEF6F000BBF08 /* HealthKit.framework in Frameworks */ = {isa = PBXBuildFile; fileRef = CA937090218CEF6F000BBF08 /* HealthKit.framework */; };
		CA937093218CF0AF000BBF08 /* HealthKitManager.swift in Sources */ = {isa = PBXBuildFile; fileRef = CA937092218CF0AF000BBF08 /* HealthKitManager.swift */; };
		CA937097218CFAA9000BBF08 /* AuthorizeHealthKitViewController.swift in Sources */ = {isa = PBXBuildFile; fileRef = CA937096218CFAA9000BBF08 /* AuthorizeHealthKitViewController.swift */; };
		F086F53D2187C69700E125D8 /* AppDelegate.swift in Sources */ = {isa = PBXBuildFile; fileRef = F086F53C2187C69700E125D8 /* AppDelegate.swift */; };
		F086F53F2187C69700E125D8 /* ViewController.swift in Sources */ = {isa = PBXBuildFile; fileRef = F086F53E2187C69700E125D8 /* ViewController.swift */; };
		F086F5422187C69700E125D8 /* Main.storyboard in Resources */ = {isa = PBXBuildFile; fileRef = F086F5402187C69700E125D8 /* Main.storyboard */; };
		F086F5442187C69700E125D8 /* Assets.xcassets in Resources */ = {isa = PBXBuildFile; fileRef = F086F5432187C69700E125D8 /* Assets.xcassets */; };
		F086F5472187C69700E125D8 /* LaunchScreen.storyboard in Resources */ = {isa = PBXBuildFile; fileRef = F086F5452187C69700E125D8 /* LaunchScreen.storyboard */; };
		F086F5522187C69700E125D8 /* watchAppTests.swift in Sources */ = {isa = PBXBuildFile; fileRef = F086F5512187C69700E125D8 /* watchAppTests.swift */; };
		F086F55D2187C69700E125D8 /* watchAppUITests.swift in Sources */ = {isa = PBXBuildFile; fileRef = F086F55C2187C69700E125D8 /* watchAppUITests.swift */; };
		F086F5622187C69700E125D8 /* watchApp WatchKit App.app in Embed Watch Content */ = {isa = PBXBuildFile; fileRef = F086F5612187C69700E125D8 /* watchApp WatchKit App.app */; };
		F086F5682187C69700E125D8 /* Interface.storyboard in Resources */ = {isa = PBXBuildFile; fileRef = F086F5662187C69700E125D8 /* Interface.storyboard */; };
		F086F56A2187C69800E125D8 /* Assets.xcassets in Resources */ = {isa = PBXBuildFile; fileRef = F086F5692187C69800E125D8 /* Assets.xcassets */; };
		F086F5712187C69800E125D8 /* watchApp WatchKit Extension.appex in Embed App Extensions */ = {isa = PBXBuildFile; fileRef = F086F5702187C69800E125D8 /* watchApp WatchKit Extension.appex */; settings = {ATTRIBUTES = (RemoveHeadersOnCopy, ); }; };
		F086F5762187C69800E125D8 /* InterfaceController.swift in Sources */ = {isa = PBXBuildFile; fileRef = F086F5752187C69800E125D8 /* InterfaceController.swift */; };
		F086F5782187C69800E125D8 /* ExtensionDelegate.swift in Sources */ = {isa = PBXBuildFile; fileRef = F086F5772187C69800E125D8 /* ExtensionDelegate.swift */; };
		F086F57A2187C69800E125D8 /* NotificationController.swift in Sources */ = {isa = PBXBuildFile; fileRef = F086F5792187C69800E125D8 /* NotificationController.swift */; };
		F086F57C2187C69800E125D8 /* Assets.xcassets in Resources */ = {isa = PBXBuildFile; fileRef = F086F57B2187C69800E125D8 /* Assets.xcassets */; };
		F0A9D38F219C1671008D5934 /* HeartRateMonitorViewController.swift in Sources */ = {isa = PBXBuildFile; fileRef = F0A9D38E219C1671008D5934 /* HeartRateMonitorViewController.swift */; };
/* End PBXBuildFile section */

/* Begin PBXContainerItemProxy section */
		F086F54E2187C69700E125D8 /* PBXContainerItemProxy */ = {
			isa = PBXContainerItemProxy;
			containerPortal = F086F5312187C69700E125D8 /* Project object */;
			proxyType = 1;
			remoteGlobalIDString = F086F5382187C69700E125D8;
			remoteInfo = watchApp;
		};
		F086F5592187C69700E125D8 /* PBXContainerItemProxy */ = {
			isa = PBXContainerItemProxy;
			containerPortal = F086F5312187C69700E125D8 /* Project object */;
			proxyType = 1;
			remoteGlobalIDString = F086F5382187C69700E125D8;
			remoteInfo = watchApp;
		};
		F086F5632187C69700E125D8 /* PBXContainerItemProxy */ = {
			isa = PBXContainerItemProxy;
			containerPortal = F086F5312187C69700E125D8 /* Project object */;
			proxyType = 1;
			remoteGlobalIDString = F086F5602187C69700E125D8;
			remoteInfo = "watchApp WatchKit App";
		};
		F086F5722187C69800E125D8 /* PBXContainerItemProxy */ = {
			isa = PBXContainerItemProxy;
			containerPortal = F086F5312187C69700E125D8 /* Project object */;
			proxyType = 1;
			remoteGlobalIDString = F086F56F2187C69800E125D8;
			remoteInfo = "watchApp WatchKit Extension";
		};
/* End PBXContainerItemProxy section */

/* Begin PBXCopyFilesBuildPhase section */
		F086F5842187C69800E125D8 /* Embed App Extensions */ = {
			isa = PBXCopyFilesBuildPhase;
			buildActionMask = 2147483647;
			dstPath = "";
			dstSubfolderSpec = 13;
			files = (
				F086F5712187C69800E125D8 /* watchApp WatchKit Extension.appex in Embed App Extensions */,
			);
			name = "Embed App Extensions";
			runOnlyForDeploymentPostprocessing = 0;
		};
		F086F5882187C69800E125D8 /* Embed Watch Content */ = {
			isa = PBXCopyFilesBuildPhase;
			buildActionMask = 2147483647;
			dstPath = "$(CONTENTS_FOLDER_PATH)/Watch";
			dstSubfolderSpec = 16;
			files = (
				F086F5622187C69700E125D8 /* watchApp WatchKit App.app in Embed Watch Content */,
			);
			name = "Embed Watch Content";
			runOnlyForDeploymentPostprocessing = 0;
		};
/* End PBXCopyFilesBuildPhase section */

/* Begin PBXFileReference section */
		233506982F0C97F2F37A3130 /* Pods_watchApp.framework */ = {isa = PBXFileReference; explicitFileType = wrapper.framework; includeInIndex = 0; path = Pods_watchApp.framework; sourceTree = BUILT_PRODUCTS_DIR; };
		2EDA93B458C15D8C2CE1964B /* Pods_watchApp_WatchKit_App.framework */ = {isa = PBXFileReference; explicitFileType = wrapper.framework; includeInIndex = 0; path = Pods_watchApp_WatchKit_App.framework; sourceTree = BUILT_PRODUCTS_DIR; };
		37879F877F77F01C7D403C1C /* Pods-watchAppUITests.debug.xcconfig */ = {isa = PBXFileReference; includeInIndex = 1; lastKnownFileType = text.xcconfig; name = "Pods-watchAppUITests.debug.xcconfig"; path = "Pods/Target Support Files/Pods-watchAppUITests/Pods-watchAppUITests.debug.xcconfig"; sourceTree = "<group>"; };
		67290C873698B8FA4BD9F732 /* Pods_watchAppUITests.framework */ = {isa = PBXFileReference; explicitFileType = wrapper.framework; includeInIndex = 0; path = Pods_watchAppUITests.framework; sourceTree = BUILT_PRODUCTS_DIR; };
		710BA07B128B872EB4CA7174 /* Pods_watchAppTests.framework */ = {isa = PBXFileReference; explicitFileType = wrapper.framework; includeInIndex = 0; path = Pods_watchAppTests.framework; sourceTree = BUILT_PRODUCTS_DIR; };
		74241C08FB9046273E340883 /* Pods-watchApp.release.xcconfig */ = {isa = PBXFileReference; includeInIndex = 1; lastKnownFileType = text.xcconfig; name = "Pods-watchApp.release.xcconfig"; path = "Pods/Target Support Files/Pods-watchApp/Pods-watchApp.release.xcconfig"; sourceTree = "<group>"; };
		825A3D241B11F2EC705EBE4F /* Pods-watchApp.debug.xcconfig */ = {isa = PBXFileReference; includeInIndex = 1; lastKnownFileType = text.xcconfig; name = "Pods-watchApp.debug.xcconfig"; path = "Pods/Target Support Files/Pods-watchApp/Pods-watchApp.debug.xcconfig"; sourceTree = "<group>"; };
		98688F6833F5CDD0EBA2E6FA /* Pods-watchAppTests.debug.xcconfig */ = {isa = PBXFileReference; includeInIndex = 1; lastKnownFileType = text.xcconfig; name = "Pods-watchAppTests.debug.xcconfig"; path = "Pods/Target Support Files/Pods-watchAppTests/Pods-watchAppTests.debug.xcconfig"; sourceTree = "<group>"; };
		9BB0D0F721936A5B00D4CA4C /* GoogleService-Info.plist */ = {isa = PBXFileReference; fileEncoding = 4; lastKnownFileType = text.plist.xml; name = "GoogleService-Info.plist"; path = "../../../../Downloads/GoogleService-Info.plist"; sourceTree = "<group>"; };
		BA54E69FB3BBB722013BB6A8 /* Pods-watchApp WatchKit App.release.xcconfig */ = {isa = PBXFileReference; includeInIndex = 1; lastKnownFileType = text.xcconfig; name = "Pods-watchApp WatchKit App.release.xcconfig"; path = "Pods/Target Support Files/Pods-watchApp WatchKit App/Pods-watchApp WatchKit App.release.xcconfig"; sourceTree = "<group>"; };
		BDD19CD5EE30B903FAFC19AD /* Pods-watchAppTests.release.xcconfig */ = {isa = PBXFileReference; includeInIndex = 1; lastKnownFileType = text.xcconfig; name = "Pods-watchAppTests.release.xcconfig"; path = "Pods/Target Support Files/Pods-watchAppTests/Pods-watchAppTests.release.xcconfig"; sourceTree = "<group>"; };
		C25194EB9F14B2FC4C53F7E5 /* Pods_watchApp_WatchKit_Extension.framework */ = {isa = PBXFileReference; explicitFileType = wrapper.framework; includeInIndex = 0; path = Pods_watchApp_WatchKit_Extension.framework; sourceTree = BUILT_PRODUCTS_DIR; };
		D571C628720679429343D8BC /* Pods-watchAppUITests.release.xcconfig */ = {isa = PBXFileReference; includeInIndex = 1; lastKnownFileType = text.xcconfig; name = "Pods-watchAppUITests.release.xcconfig"; path = "Pods/Target Support Files/Pods-watchAppUITests/Pods-watchAppUITests.release.xcconfig"; sourceTree = "<group>"; };
		EE063F2A11509CEDBB6EDF20 /* Pods-watchApp WatchKit Extension.release.xcconfig */ = {isa = PBXFileReference; includeInIndex = 1; lastKnownFileType = text.xcconfig; name = "Pods-watchApp WatchKit Extension.release.xcconfig"; path = "Pods/Target Support Files/Pods-watchApp WatchKit Extension/Pods-watchApp WatchKit Extension.release.xcconfig"; sourceTree = "<group>"; };
		CA93708E218CEF6F000BBF08 /* watchApp.entitlements */ = {isa = PBXFileReference; lastKnownFileType = text.plist.entitlements; path = watchApp.entitlements; sourceTree = "<group>"; };
		CA937090218CEF6F000BBF08 /* HealthKit.framework */ = {isa = PBXFileReference; lastKnownFileType = wrapper.framework; name = HealthKit.framework; path = System/Library/Frameworks/HealthKit.framework; sourceTree = SDKROOT; };
		CA937092218CF0AF000BBF08 /* HealthKitManager.swift */ = {isa = PBXFileReference; lastKnownFileType = sourcecode.swift; path = HealthKitManager.swift; sourceTree = "<group>"; };
		CA937096218CFAA9000BBF08 /* AuthorizeHealthKitViewController.swift */ = {isa = PBXFileReference; lastKnownFileType = sourcecode.swift; path = AuthorizeHealthKitViewController.swift; sourceTree = "<group>"; };
		F086F5392187C69700E125D8 /* watchApp.app */ = {isa = PBXFileReference; explicitFileType = wrapper.application; includeInIndex = 0; path = watchApp.app; sourceTree = BUILT_PRODUCTS_DIR; };
		F086F53C2187C69700E125D8 /* AppDelegate.swift */ = {isa = PBXFileReference; lastKnownFileType = sourcecode.swift; path = AppDelegate.swift; sourceTree = "<group>"; };
		F086F53E2187C69700E125D8 /* ViewController.swift */ = {isa = PBXFileReference; lastKnownFileType = sourcecode.swift; path = ViewController.swift; sourceTree = "<group>"; };
		F086F5412187C69700E125D8 /* Base */ = {isa = PBXFileReference; lastKnownFileType = file.storyboard; name = Base; path = Base.lproj/Main.storyboard; sourceTree = "<group>"; };
		F086F5432187C69700E125D8 /* Assets.xcassets */ = {isa = PBXFileReference; lastKnownFileType = folder.assetcatalog; path = Assets.xcassets; sourceTree = "<group>"; };
		F086F5462187C69700E125D8 /* Base */ = {isa = PBXFileReference; lastKnownFileType = file.storyboard; name = Base; path = Base.lproj/LaunchScreen.storyboard; sourceTree = "<group>"; };
		F086F5482187C69700E125D8 /* Info.plist */ = {isa = PBXFileReference; lastKnownFileType = text.plist.xml; path = Info.plist; sourceTree = "<group>"; };
		F086F54D2187C69700E125D8 /* watchAppTests.xctest */ = {isa = PBXFileReference; explicitFileType = wrapper.cfbundle; includeInIndex = 0; path = watchAppTests.xctest; sourceTree = BUILT_PRODUCTS_DIR; };
		F086F5512187C69700E125D8 /* watchAppTests.swift */ = {isa = PBXFileReference; lastKnownFileType = sourcecode.swift; path = watchAppTests.swift; sourceTree = "<group>"; };
		F086F5532187C69700E125D8 /* Info.plist */ = {isa = PBXFileReference; lastKnownFileType = text.plist.xml; path = Info.plist; sourceTree = "<group>"; };
		F086F5582187C69700E125D8 /* watchAppUITests.xctest */ = {isa = PBXFileReference; explicitFileType = wrapper.cfbundle; includeInIndex = 0; path = watchAppUITests.xctest; sourceTree = BUILT_PRODUCTS_DIR; };
		F086F55C2187C69700E125D8 /* watchAppUITests.swift */ = {isa = PBXFileReference; lastKnownFileType = sourcecode.swift; path = watchAppUITests.swift; sourceTree = "<group>"; };
		F086F55E2187C69700E125D8 /* Info.plist */ = {isa = PBXFileReference; lastKnownFileType = text.plist.xml; path = Info.plist; sourceTree = "<group>"; };
		F086F5612187C69700E125D8 /* watchApp WatchKit App.app */ = {isa = PBXFileReference; explicitFileType = wrapper.application; includeInIndex = 0; path = "watchApp WatchKit App.app"; sourceTree = BUILT_PRODUCTS_DIR; };
		F086F5672187C69700E125D8 /* Base */ = {isa = PBXFileReference; lastKnownFileType = file.storyboard; name = Base; path = Base.lproj/Interface.storyboard; sourceTree = "<group>"; };
		F086F5692187C69800E125D8 /* Assets.xcassets */ = {isa = PBXFileReference; lastKnownFileType = folder.assetcatalog; path = Assets.xcassets; sourceTree = "<group>"; };
		F086F56B2187C69800E125D8 /* Info.plist */ = {isa = PBXFileReference; lastKnownFileType = text.plist.xml; path = Info.plist; sourceTree = "<group>"; };
		F086F5702187C69800E125D8 /* watchApp WatchKit Extension.appex */ = {isa = PBXFileReference; explicitFileType = "wrapper.app-extension"; includeInIndex = 0; path = "watchApp WatchKit Extension.appex"; sourceTree = BUILT_PRODUCTS_DIR; };
		F086F5752187C69800E125D8 /* InterfaceController.swift */ = {isa = PBXFileReference; lastKnownFileType = sourcecode.swift; path = InterfaceController.swift; sourceTree = "<group>"; };
		F086F5772187C69800E125D8 /* ExtensionDelegate.swift */ = {isa = PBXFileReference; lastKnownFileType = sourcecode.swift; path = ExtensionDelegate.swift; sourceTree = "<group>"; };
		F086F5792187C69800E125D8 /* NotificationController.swift */ = {isa = PBXFileReference; lastKnownFileType = sourcecode.swift; path = NotificationController.swift; sourceTree = "<group>"; };
		F086F57B2187C69800E125D8 /* Assets.xcassets */ = {isa = PBXFileReference; lastKnownFileType = folder.assetcatalog; path = Assets.xcassets; sourceTree = "<group>"; };
		F086F57D2187C69800E125D8 /* Info.plist */ = {isa = PBXFileReference; lastKnownFileType = text.plist.xml; path = Info.plist; sourceTree = "<group>"; };
		F086F57E2187C69800E125D8 /* PushNotificationPayload.apns */ = {isa = PBXFileReference; lastKnownFileType = text; path = PushNotificationPayload.apns; sourceTree = "<group>"; };
<<<<<<< Updated upstream
<<<<<<< Updated upstream
		F8EC3C33261CEC840A0D92B8 /* Pods-watchApp WatchKit App.debug.xcconfig */ = {isa = PBXFileReference; includeInIndex = 1; lastKnownFileType = text.xcconfig; name = "Pods-watchApp WatchKit App.debug.xcconfig"; path = "Pods/Target Support Files/Pods-watchApp WatchKit App/Pods-watchApp WatchKit App.debug.xcconfig"; sourceTree = "<group>"; };
		FC20956E397C4DA35D7C4203 /* Pods-watchApp WatchKit Extension.debug.xcconfig */ = {isa = PBXFileReference; includeInIndex = 1; lastKnownFileType = text.xcconfig; name = "Pods-watchApp WatchKit Extension.debug.xcconfig"; path = "Pods/Target Support Files/Pods-watchApp WatchKit Extension/Pods-watchApp WatchKit Extension.debug.xcconfig"; sourceTree = "<group>"; };
=======
		F0A9D38E219C1671008D5934 /* HeartRateMonitorViewController.swift */ = {isa = PBXFileReference; lastKnownFileType = sourcecode.swift; path = HeartRateMonitorViewController.swift; sourceTree = "<group>"; };
>>>>>>> Stashed changes
=======
		F0A9D38E219C1671008D5934 /* HeartRateMonitorViewController.swift */ = {isa = PBXFileReference; lastKnownFileType = sourcecode.swift; path = HeartRateMonitorViewController.swift; sourceTree = "<group>"; };
>>>>>>> Stashed changes
/* End PBXFileReference section */

/* Begin PBXFrameworksBuildPhase section */
		50D8030DA8197DA7C00F37C8 /* Frameworks */ = {
			isa = PBXFrameworksBuildPhase;
			buildActionMask = 2147483647;
			files = (
				17A06B6FA41A2A3A732EFDB9 /* Pods_watchApp_WatchKit_App.framework in Frameworks */,
			);
			runOnlyForDeploymentPostprocessing = 0;
		};
		F086F5362187C69700E125D8 /* Frameworks */ = {
			isa = PBXFrameworksBuildPhase;
			buildActionMask = 2147483647;
			files = (
				CA937091218CEF6F000BBF08 /* HealthKit.framework in Frameworks */,
			);
			runOnlyForDeploymentPostprocessing = 0;
		};
		F086F54A2187C69700E125D8 /* Frameworks */ = {
			isa = PBXFrameworksBuildPhase;
			buildActionMask = 2147483647;
			files = (
				DDD704A5E3BAA0B3062DDB25 /* Pods_watchAppTests.framework in Frameworks */,
			);
			runOnlyForDeploymentPostprocessing = 0;
		};
		F086F5552187C69700E125D8 /* Frameworks */ = {
			isa = PBXFrameworksBuildPhase;
			buildActionMask = 2147483647;
			files = (
				22CE81964D1843DBE15FEBE8 /* Pods_watchAppUITests.framework in Frameworks */,
			);
			runOnlyForDeploymentPostprocessing = 0;
		};
		F086F56D2187C69800E125D8 /* Frameworks */ = {
			isa = PBXFrameworksBuildPhase;
			buildActionMask = 2147483647;
			files = (
				216E4CE0CE0EB2C3181CD0AE /* Pods_watchApp_WatchKit_Extension.framework in Frameworks */,
			);
			runOnlyForDeploymentPostprocessing = 0;
		};
/* End PBXFrameworksBuildPhase section */

/* Begin PBXGroup section */

		1A8F43A260A3B85B2DA805A9 /* Frameworks */ = {
			isa = PBXGroup;
			children = (
				233506982F0C97F2F37A3130 /* Pods_watchApp.framework */,
				2EDA93B458C15D8C2CE1964B /* Pods_watchApp_WatchKit_App.framework */,
				C25194EB9F14B2FC4C53F7E5 /* Pods_watchApp_WatchKit_Extension.framework */,
				710BA07B128B872EB4CA7174 /* Pods_watchAppTests.framework */,
				67290C873698B8FA4BD9F732 /* Pods_watchAppUITests.framework */,
        CA937090218CEF6F000BBF08 /* HealthKit.framework */
			);
			name = Frameworks;
			sourceTree = "<group>";
		};

		768EB2A89B88D89AE9E81227 /* Pods */ = {
			isa = PBXGroup;
			children = (
				825A3D241B11F2EC705EBE4F /* Pods-watchApp.debug.xcconfig */,
				74241C08FB9046273E340883 /* Pods-watchApp.release.xcconfig */,
				F8EC3C33261CEC840A0D92B8 /* Pods-watchApp WatchKit App.debug.xcconfig */,
				BA54E69FB3BBB722013BB6A8 /* Pods-watchApp WatchKit App.release.xcconfig */,
				FC20956E397C4DA35D7C4203 /* Pods-watchApp WatchKit Extension.debug.xcconfig */,
				EE063F2A11509CEDBB6EDF20 /* Pods-watchApp WatchKit Extension.release.xcconfig */,
				98688F6833F5CDD0EBA2E6FA /* Pods-watchAppTests.debug.xcconfig */,
				BDD19CD5EE30B903FAFC19AD /* Pods-watchAppTests.release.xcconfig */,
				37879F877F77F01C7D403C1C /* Pods-watchAppUITests.debug.xcconfig */,
				D571C628720679429343D8BC /* Pods-watchAppUITests.release.xcconfig */,
			);
			name = Pods;
			sourceTree = "<group>";
		};

		F086F5302187C69700E125D8 = {
			isa = PBXGroup;
			children = (
				F086F53B2187C69700E125D8 /* watchApp */,
				F086F5502187C69700E125D8 /* watchAppTests */,
				F086F55B2187C69700E125D8 /* watchAppUITests */,
				F086F5652187C69700E125D8 /* watchApp WatchKit App */,
				F086F5742187C69800E125D8 /* watchApp WatchKit Extension */,
				F086F53A2187C69700E125D8 /* Products */,
				768EB2A89B88D89AE9E81227 /* Pods */,
				1A8F43A260A3B85B2DA805A9 /* Frameworks */,
				CA93708F218CEF6F000BBF08 /* Frameworks */,
			);
			sourceTree = "<group>";
		};
		F086F53A2187C69700E125D8 /* Products */ = {
			isa = PBXGroup;
			children = (
				F086F5392187C69700E125D8 /* watchApp.app */,
				F086F54D2187C69700E125D8 /* watchAppTests.xctest */,
				F086F5582187C69700E125D8 /* watchAppUITests.xctest */,
				F086F5612187C69700E125D8 /* watchApp WatchKit App.app */,
				F086F5702187C69800E125D8 /* watchApp WatchKit Extension.appex */,
			);
			name = Products;
			sourceTree = "<group>";
		};
		F086F53B2187C69700E125D8 /* watchApp */ = {
			isa = PBXGroup;
			children = (
				CA93708E218CEF6F000BBF08 /* watchApp.entitlements */,
				F086F53C2187C69700E125D8 /* AppDelegate.swift */,
				F086F53E2187C69700E125D8 /* ViewController.swift */,
				CA937092218CF0AF000BBF08 /* HealthKitManager.swift */,
				CA937096218CFAA9000BBF08 /* AuthorizeHealthKitViewController.swift */,
				F086F5402187C69700E125D8 /* Main.storyboard */,
				F086F5432187C69700E125D8 /* Assets.xcassets */,
				F086F5452187C69700E125D8 /* LaunchScreen.storyboard */,
				F086F5482187C69700E125D8 /* Info.plist */,
<<<<<<< Updated upstream
<<<<<<< Updated upstream
				9BB0D0F721936A5B00D4CA4C /* GoogleService-Info.plist */,
=======
				F0A9D38E219C1671008D5934 /* HeartRateMonitorViewController.swift */,
>>>>>>> Stashed changes
=======
				F0A9D38E219C1671008D5934 /* HeartRateMonitorViewController.swift */,
>>>>>>> Stashed changes
			);
			path = watchApp;
			sourceTree = "<group>";
		};
		F086F5502187C69700E125D8 /* watchAppTests */ = {
			isa = PBXGroup;
			children = (
				F086F5512187C69700E125D8 /* watchAppTests.swift */,
				F086F5532187C69700E125D8 /* Info.plist */,
			);
			path = watchAppTests;
			sourceTree = "<group>";
		};
		F086F55B2187C69700E125D8 /* watchAppUITests */ = {
			isa = PBXGroup;
			children = (
				F086F55C2187C69700E125D8 /* watchAppUITests.swift */,
				F086F55E2187C69700E125D8 /* Info.plist */,
			);
			path = watchAppUITests;
			sourceTree = "<group>";
		};
		F086F5652187C69700E125D8 /* watchApp WatchKit App */ = {
			isa = PBXGroup;
			children = (
				F086F5662187C69700E125D8 /* Interface.storyboard */,
				F086F5692187C69800E125D8 /* Assets.xcassets */,
				F086F56B2187C69800E125D8 /* Info.plist */,
			);
			path = "watchApp WatchKit App";
			sourceTree = "<group>";
		};
		F086F5742187C69800E125D8 /* watchApp WatchKit Extension */ = {
			isa = PBXGroup;
			children = (
				F086F5752187C69800E125D8 /* InterfaceController.swift */,
				F086F5772187C69800E125D8 /* ExtensionDelegate.swift */,
				F086F5792187C69800E125D8 /* NotificationController.swift */,
				F086F57B2187C69800E125D8 /* Assets.xcassets */,
				F086F57D2187C69800E125D8 /* Info.plist */,
				F086F57E2187C69800E125D8 /* PushNotificationPayload.apns */,
			);
			path = "watchApp WatchKit Extension";
			sourceTree = "<group>";
		};
/* End PBXGroup section */

/* Begin PBXNativeTarget section */
		F086F5382187C69700E125D8 /* watchApp */ = {
			isa = PBXNativeTarget;
			buildConfigurationList = F086F5892187C69800E125D8 /* Build configuration list for PBXNativeTarget "watchApp" */;
			buildPhases = (
				F994F8F5269934176FE281BE /* [CP] Check Pods Manifest.lock */,
				F086F5352187C69700E125D8 /* Sources */,
				F086F5362187C69700E125D8 /* Frameworks */,
				F086F5372187C69700E125D8 /* Resources */,
				F086F5882187C69800E125D8 /* Embed Watch Content */,
				2A8736963B7A1FC690A64733 /* [CP] Embed Pods Frameworks */,
			);
			buildRules = (
			);
			dependencies = (
				F086F5642187C69700E125D8 /* PBXTargetDependency */,
			);
			name = watchApp;
			productName = watchApp;
			productReference = F086F5392187C69700E125D8 /* watchApp.app */;
			productType = "com.apple.product-type.application";
		};
		F086F54C2187C69700E125D8 /* watchAppTests */ = {
			isa = PBXNativeTarget;
			buildConfigurationList = F086F58C2187C69800E125D8 /* Build configuration list for PBXNativeTarget "watchAppTests" */;
			buildPhases = (
				527790F6E815E6D209AF4A9F /* [CP] Check Pods Manifest.lock */,
				F086F5492187C69700E125D8 /* Sources */,
				F086F54A2187C69700E125D8 /* Frameworks */,
				F086F54B2187C69700E125D8 /* Resources */,
			);
			buildRules = (
			);
			dependencies = (
				F086F54F2187C69700E125D8 /* PBXTargetDependency */,
			);
			name = watchAppTests;
			productName = watchAppTests;
			productReference = F086F54D2187C69700E125D8 /* watchAppTests.xctest */;
			productType = "com.apple.product-type.bundle.unit-test";
		};
		F086F5572187C69700E125D8 /* watchAppUITests */ = {
			isa = PBXNativeTarget;
			buildConfigurationList = F086F58F2187C69800E125D8 /* Build configuration list for PBXNativeTarget "watchAppUITests" */;
			buildPhases = (
				732CCB38F5039D18F4201184 /* [CP] Check Pods Manifest.lock */,
				F086F5542187C69700E125D8 /* Sources */,
				F086F5552187C69700E125D8 /* Frameworks */,
				F086F5562187C69700E125D8 /* Resources */,
			);
			buildRules = (
			);
			dependencies = (
				F086F55A2187C69700E125D8 /* PBXTargetDependency */,
			);
			name = watchAppUITests;
			productName = watchAppUITests;
			productReference = F086F5582187C69700E125D8 /* watchAppUITests.xctest */;
			productType = "com.apple.product-type.bundle.ui-testing";
		};
		F086F5602187C69700E125D8 /* watchApp WatchKit App */ = {
			isa = PBXNativeTarget;
			buildConfigurationList = F086F5852187C69800E125D8 /* Build configuration list for PBXNativeTarget "watchApp WatchKit App" */;
			buildPhases = (
				7037A55CFA47B3F4C76F72D0 /* [CP] Check Pods Manifest.lock */,
				F086F55F2187C69700E125D8 /* Resources */,
				F086F5842187C69800E125D8 /* Embed App Extensions */,
				50D8030DA8197DA7C00F37C8 /* Frameworks */,
			);
			buildRules = (
			);
			dependencies = (
				F086F5732187C69800E125D8 /* PBXTargetDependency */,
			);
			name = "watchApp WatchKit App";
			productName = "watchApp WatchKit App";
			productReference = F086F5612187C69700E125D8 /* watchApp WatchKit App.app */;
			productType = "com.apple.product-type.application.watchapp2";
		};
		F086F56F2187C69800E125D8 /* watchApp WatchKit Extension */ = {
			isa = PBXNativeTarget;
			buildConfigurationList = F086F5812187C69800E125D8 /* Build configuration list for PBXNativeTarget "watchApp WatchKit Extension" */;
			buildPhases = (
				BC003C944FE3EB43486CD284 /* [CP] Check Pods Manifest.lock */,
				F086F56C2187C69800E125D8 /* Sources */,
				F086F56D2187C69800E125D8 /* Frameworks */,
				F086F56E2187C69800E125D8 /* Resources */,
			);
			buildRules = (
			);
			dependencies = (
			);
			name = "watchApp WatchKit Extension";
			productName = "watchApp WatchKit Extension";
			productReference = F086F5702187C69800E125D8 /* watchApp WatchKit Extension.appex */;
			productType = "com.apple.product-type.watchkit2-extension";
		};
/* End PBXNativeTarget section */

/* Begin PBXProject section */
		F086F5312187C69700E125D8 /* Project object */ = {
			isa = PBXProject;
			attributes = {
				LastSwiftUpdateCheck = 1000;
				LastUpgradeCheck = 1000;
				ORGANIZATIONNAME = "Calvin Wang";
				TargetAttributes = {
					F086F5382187C69700E125D8 = {
						CreatedOnToolsVersion = 10.0;
						SystemCapabilities = {
							com.apple.HealthKit = {
								enabled = 1;
							};
						};
					};
					F086F54C2187C69700E125D8 = {
						CreatedOnToolsVersion = 10.0;
						TestTargetID = F086F5382187C69700E125D8;
					};
					F086F5572187C69700E125D8 = {
						CreatedOnToolsVersion = 10.0;
						TestTargetID = F086F5382187C69700E125D8;
					};
					F086F5602187C69700E125D8 = {
						CreatedOnToolsVersion = 10.0;
					};
					F086F56F2187C69800E125D8 = {
						CreatedOnToolsVersion = 10.0;
					};
				};
			};
			buildConfigurationList = F086F5342187C69700E125D8 /* Build configuration list for PBXProject "watchApp" */;
			compatibilityVersion = "Xcode 9.3";
			developmentRegion = en;
			hasScannedForEncodings = 0;
			knownRegions = (
				en,
				Base,
			);
			mainGroup = F086F5302187C69700E125D8;
			productRefGroup = F086F53A2187C69700E125D8 /* Products */;
			projectDirPath = "";
			projectRoot = "";
			targets = (
				F086F5382187C69700E125D8 /* watchApp */,
				F086F54C2187C69700E125D8 /* watchAppTests */,
				F086F5572187C69700E125D8 /* watchAppUITests */,
				F086F5602187C69700E125D8 /* watchApp WatchKit App */,
				F086F56F2187C69800E125D8 /* watchApp WatchKit Extension */,
			);
		};
/* End PBXProject section */

/* Begin PBXResourcesBuildPhase section */
		F086F5372187C69700E125D8 /* Resources */ = {
			isa = PBXResourcesBuildPhase;
			buildActionMask = 2147483647;
			files = (
				F086F5472187C69700E125D8 /* LaunchScreen.storyboard in Resources */,
				9BB0D0F821936A5C00D4CA4C /* GoogleService-Info.plist in Resources */,
				F086F5442187C69700E125D8 /* Assets.xcassets in Resources */,
				F086F5422187C69700E125D8 /* Main.storyboard in Resources */,
			);
			runOnlyForDeploymentPostprocessing = 0;
		};
		F086F54B2187C69700E125D8 /* Resources */ = {
			isa = PBXResourcesBuildPhase;
			buildActionMask = 2147483647;
			files = (
				9BB0D0F921936A5C00D4CA4C /* GoogleService-Info.plist in Resources */,
			);
			runOnlyForDeploymentPostprocessing = 0;
		};
		F086F5562187C69700E125D8 /* Resources */ = {
			isa = PBXResourcesBuildPhase;
			buildActionMask = 2147483647;
			files = (
				9BB0D0FA21936A5C00D4CA4C /* GoogleService-Info.plist in Resources */,
			);
			runOnlyForDeploymentPostprocessing = 0;
		};
		F086F55F2187C69700E125D8 /* Resources */ = {
			isa = PBXResourcesBuildPhase;
			buildActionMask = 2147483647;
			files = (
				F086F56A2187C69800E125D8 /* Assets.xcassets in Resources */,
				F086F5682187C69700E125D8 /* Interface.storyboard in Resources */,
				9BB0D0FB21936A5C00D4CA4C /* GoogleService-Info.plist in Resources */,
			);
			runOnlyForDeploymentPostprocessing = 0;
		};
		F086F56E2187C69800E125D8 /* Resources */ = {
			isa = PBXResourcesBuildPhase;
			buildActionMask = 2147483647;
			files = (
				F086F57C2187C69800E125D8 /* Assets.xcassets in Resources */,
				9BB0D0FC21936A5C00D4CA4C /* GoogleService-Info.plist in Resources */,
			);
			runOnlyForDeploymentPostprocessing = 0;
		};
/* End PBXResourcesBuildPhase section */

/* Begin PBXShellScriptBuildPhase section */
		2A8736963B7A1FC690A64733 /* [CP] Embed Pods Frameworks */ = {
			isa = PBXShellScriptBuildPhase;
			buildActionMask = 2147483647;
			files = (
			);
			inputFileListPaths = (
			);
			inputPaths = (
				"${SRCROOT}/Pods/Target Support Files/Pods-watchApp/Pods-watchApp-frameworks.sh",
				"${BUILT_PRODUCTS_DIR}/GTMSessionFetcher/GTMSessionFetcher.framework",
				"${BUILT_PRODUCTS_DIR}/GoogleUtilities/GoogleUtilities.framework",
				"${BUILT_PRODUCTS_DIR}/nanopb/nanopb.framework",
			);
			name = "[CP] Embed Pods Frameworks";
			outputFileListPaths = (
			);
			outputPaths = (
				"${TARGET_BUILD_DIR}/${FRAMEWORKS_FOLDER_PATH}/GTMSessionFetcher.framework",
				"${TARGET_BUILD_DIR}/${FRAMEWORKS_FOLDER_PATH}/GoogleUtilities.framework",
				"${TARGET_BUILD_DIR}/${FRAMEWORKS_FOLDER_PATH}/nanopb.framework",
			);
			runOnlyForDeploymentPostprocessing = 0;
			shellPath = /bin/sh;
			shellScript = "\"${SRCROOT}/Pods/Target Support Files/Pods-watchApp/Pods-watchApp-frameworks.sh\"\n";
			showEnvVarsInLog = 0;
		};
		527790F6E815E6D209AF4A9F /* [CP] Check Pods Manifest.lock */ = {
			isa = PBXShellScriptBuildPhase;
			buildActionMask = 2147483647;
			files = (
			);
			inputFileListPaths = (
			);
			inputPaths = (
				"${PODS_PODFILE_DIR_PATH}/Podfile.lock",
				"${PODS_ROOT}/Manifest.lock",
			);
			name = "[CP] Check Pods Manifest.lock";
			outputFileListPaths = (
			);
			outputPaths = (
				"$(DERIVED_FILE_DIR)/Pods-watchAppTests-checkManifestLockResult.txt",
			);
			runOnlyForDeploymentPostprocessing = 0;
			shellPath = /bin/sh;
			shellScript = "diff \"${PODS_PODFILE_DIR_PATH}/Podfile.lock\" \"${PODS_ROOT}/Manifest.lock\" > /dev/null\nif [ $? != 0 ] ; then\n    # print error to STDERR\n    echo \"error: The sandbox is not in sync with the Podfile.lock. Run 'pod install' or update your CocoaPods installation.\" >&2\n    exit 1\nfi\n# This output is used by Xcode 'outputs' to avoid re-running this script phase.\necho \"SUCCESS\" > \"${SCRIPT_OUTPUT_FILE_0}\"\n";
			showEnvVarsInLog = 0;
		};
		7037A55CFA47B3F4C76F72D0 /* [CP] Check Pods Manifest.lock */ = {
			isa = PBXShellScriptBuildPhase;
			buildActionMask = 2147483647;
			files = (
			);
			inputFileListPaths = (
			);
			inputPaths = (
				"${PODS_PODFILE_DIR_PATH}/Podfile.lock",
				"${PODS_ROOT}/Manifest.lock",
			);
			name = "[CP] Check Pods Manifest.lock";
			outputFileListPaths = (
			);
			outputPaths = (
				"$(DERIVED_FILE_DIR)/Pods-watchApp WatchKit App-checkManifestLockResult.txt",
			);
			runOnlyForDeploymentPostprocessing = 0;
			shellPath = /bin/sh;
			shellScript = "diff \"${PODS_PODFILE_DIR_PATH}/Podfile.lock\" \"${PODS_ROOT}/Manifest.lock\" > /dev/null\nif [ $? != 0 ] ; then\n    # print error to STDERR\n    echo \"error: The sandbox is not in sync with the Podfile.lock. Run 'pod install' or update your CocoaPods installation.\" >&2\n    exit 1\nfi\n# This output is used by Xcode 'outputs' to avoid re-running this script phase.\necho \"SUCCESS\" > \"${SCRIPT_OUTPUT_FILE_0}\"\n";
			showEnvVarsInLog = 0;
		};
		732CCB38F5039D18F4201184 /* [CP] Check Pods Manifest.lock */ = {
			isa = PBXShellScriptBuildPhase;
			buildActionMask = 2147483647;
			files = (
			);
			inputFileListPaths = (
			);
			inputPaths = (
				"${PODS_PODFILE_DIR_PATH}/Podfile.lock",
				"${PODS_ROOT}/Manifest.lock",
			);
			name = "[CP] Check Pods Manifest.lock";
			outputFileListPaths = (
			);
			outputPaths = (
				"$(DERIVED_FILE_DIR)/Pods-watchAppUITests-checkManifestLockResult.txt",
			);
			runOnlyForDeploymentPostprocessing = 0;
			shellPath = /bin/sh;
			shellScript = "diff \"${PODS_PODFILE_DIR_PATH}/Podfile.lock\" \"${PODS_ROOT}/Manifest.lock\" > /dev/null\nif [ $? != 0 ] ; then\n    # print error to STDERR\n    echo \"error: The sandbox is not in sync with the Podfile.lock. Run 'pod install' or update your CocoaPods installation.\" >&2\n    exit 1\nfi\n# This output is used by Xcode 'outputs' to avoid re-running this script phase.\necho \"SUCCESS\" > \"${SCRIPT_OUTPUT_FILE_0}\"\n";
			showEnvVarsInLog = 0;
		};
		BC003C944FE3EB43486CD284 /* [CP] Check Pods Manifest.lock */ = {
			isa = PBXShellScriptBuildPhase;
			buildActionMask = 2147483647;
			files = (
			);
			inputFileListPaths = (
			);
			inputPaths = (
				"${PODS_PODFILE_DIR_PATH}/Podfile.lock",
				"${PODS_ROOT}/Manifest.lock",
			);
			name = "[CP] Check Pods Manifest.lock";
			outputFileListPaths = (
			);
			outputPaths = (
				"$(DERIVED_FILE_DIR)/Pods-watchApp WatchKit Extension-checkManifestLockResult.txt",
			);
			runOnlyForDeploymentPostprocessing = 0;
			shellPath = /bin/sh;
			shellScript = "diff \"${PODS_PODFILE_DIR_PATH}/Podfile.lock\" \"${PODS_ROOT}/Manifest.lock\" > /dev/null\nif [ $? != 0 ] ; then\n    # print error to STDERR\n    echo \"error: The sandbox is not in sync with the Podfile.lock. Run 'pod install' or update your CocoaPods installation.\" >&2\n    exit 1\nfi\n# This output is used by Xcode 'outputs' to avoid re-running this script phase.\necho \"SUCCESS\" > \"${SCRIPT_OUTPUT_FILE_0}\"\n";
			showEnvVarsInLog = 0;
		};
		F994F8F5269934176FE281BE /* [CP] Check Pods Manifest.lock */ = {
			isa = PBXShellScriptBuildPhase;
			buildActionMask = 2147483647;
			files = (
			);
			inputFileListPaths = (
			);
			inputPaths = (
				"${PODS_PODFILE_DIR_PATH}/Podfile.lock",
				"${PODS_ROOT}/Manifest.lock",
			);
			name = "[CP] Check Pods Manifest.lock";
			outputFileListPaths = (
			);
			outputPaths = (
				"$(DERIVED_FILE_DIR)/Pods-watchApp-checkManifestLockResult.txt",
			);
			runOnlyForDeploymentPostprocessing = 0;
			shellPath = /bin/sh;
			shellScript = "diff \"${PODS_PODFILE_DIR_PATH}/Podfile.lock\" \"${PODS_ROOT}/Manifest.lock\" > /dev/null\nif [ $? != 0 ] ; then\n    # print error to STDERR\n    echo \"error: The sandbox is not in sync with the Podfile.lock. Run 'pod install' or update your CocoaPods installation.\" >&2\n    exit 1\nfi\n# This output is used by Xcode 'outputs' to avoid re-running this script phase.\necho \"SUCCESS\" > \"${SCRIPT_OUTPUT_FILE_0}\"\n";
			showEnvVarsInLog = 0;
		};
/* End PBXShellScriptBuildPhase section */

/* Begin PBXSourcesBuildPhase section */
		F086F5352187C69700E125D8 /* Sources */ = {
			isa = PBXSourcesBuildPhase;
			buildActionMask = 2147483647;
			files = (
				F0A9D38F219C1671008D5934 /* HeartRateMonitorViewController.swift in Sources */,
				F086F53F2187C69700E125D8 /* ViewController.swift in Sources */,
				CA937097218CFAA9000BBF08 /* AuthorizeHealthKitViewController.swift in Sources */,
				F086F53D2187C69700E125D8 /* AppDelegate.swift in Sources */,
				CA937093218CF0AF000BBF08 /* HealthKitManager.swift in Sources */,
			);
			runOnlyForDeploymentPostprocessing = 0;
		};
		F086F5492187C69700E125D8 /* Sources */ = {
			isa = PBXSourcesBuildPhase;
			buildActionMask = 2147483647;
			files = (
				F086F5522187C69700E125D8 /* watchAppTests.swift in Sources */,
			);
			runOnlyForDeploymentPostprocessing = 0;
		};
		F086F5542187C69700E125D8 /* Sources */ = {
			isa = PBXSourcesBuildPhase;
			buildActionMask = 2147483647;
			files = (
				F086F55D2187C69700E125D8 /* watchAppUITests.swift in Sources */,
			);
			runOnlyForDeploymentPostprocessing = 0;
		};
		F086F56C2187C69800E125D8 /* Sources */ = {
			isa = PBXSourcesBuildPhase;
			buildActionMask = 2147483647;
			files = (
				F086F57A2187C69800E125D8 /* NotificationController.swift in Sources */,
				F086F5782187C69800E125D8 /* ExtensionDelegate.swift in Sources */,
				F086F5762187C69800E125D8 /* InterfaceController.swift in Sources */,
			);
			runOnlyForDeploymentPostprocessing = 0;
		};
/* End PBXSourcesBuildPhase section */

/* Begin PBXTargetDependency section */
		F086F54F2187C69700E125D8 /* PBXTargetDependency */ = {
			isa = PBXTargetDependency;
			target = F086F5382187C69700E125D8 /* watchApp */;
			targetProxy = F086F54E2187C69700E125D8 /* PBXContainerItemProxy */;
		};
		F086F55A2187C69700E125D8 /* PBXTargetDependency */ = {
			isa = PBXTargetDependency;
			target = F086F5382187C69700E125D8 /* watchApp */;
			targetProxy = F086F5592187C69700E125D8 /* PBXContainerItemProxy */;
		};
		F086F5642187C69700E125D8 /* PBXTargetDependency */ = {
			isa = PBXTargetDependency;
			target = F086F5602187C69700E125D8 /* watchApp WatchKit App */;
			targetProxy = F086F5632187C69700E125D8 /* PBXContainerItemProxy */;
		};
		F086F5732187C69800E125D8 /* PBXTargetDependency */ = {
			isa = PBXTargetDependency;
			target = F086F56F2187C69800E125D8 /* watchApp WatchKit Extension */;
			targetProxy = F086F5722187C69800E125D8 /* PBXContainerItemProxy */;
		};
/* End PBXTargetDependency section */

/* Begin PBXVariantGroup section */
		F086F5402187C69700E125D8 /* Main.storyboard */ = {
			isa = PBXVariantGroup;
			children = (
				F086F5412187C69700E125D8 /* Base */,
			);
			name = Main.storyboard;
			sourceTree = "<group>";
		};
		F086F5452187C69700E125D8 /* LaunchScreen.storyboard */ = {
			isa = PBXVariantGroup;
			children = (
				F086F5462187C69700E125D8 /* Base */,
			);
			name = LaunchScreen.storyboard;
			sourceTree = "<group>";
		};
		F086F5662187C69700E125D8 /* Interface.storyboard */ = {
			isa = PBXVariantGroup;
			children = (
				F086F5672187C69700E125D8 /* Base */,
			);
			name = Interface.storyboard;
			sourceTree = "<group>";
		};
/* End PBXVariantGroup section */

/* Begin XCBuildConfiguration section */
		F086F57F2187C69800E125D8 /* Debug */ = {
			isa = XCBuildConfiguration;
			buildSettings = {
				ALWAYS_SEARCH_USER_PATHS = NO;
				CLANG_ANALYZER_NONNULL = YES;
				CLANG_ANALYZER_NUMBER_OBJECT_CONVERSION = YES_AGGRESSIVE;
				CLANG_CXX_LANGUAGE_STANDARD = "gnu++14";
				CLANG_CXX_LIBRARY = "libc++";
				CLANG_ENABLE_MODULES = YES;
				CLANG_ENABLE_OBJC_ARC = YES;
				CLANG_ENABLE_OBJC_WEAK = YES;
				CLANG_WARN_BLOCK_CAPTURE_AUTORELEASING = YES;
				CLANG_WARN_BOOL_CONVERSION = YES;
				CLANG_WARN_COMMA = YES;
				CLANG_WARN_CONSTANT_CONVERSION = YES;
				CLANG_WARN_DEPRECATED_OBJC_IMPLEMENTATIONS = YES;
				CLANG_WARN_DIRECT_OBJC_ISA_USAGE = YES_ERROR;
				CLANG_WARN_DOCUMENTATION_COMMENTS = YES;
				CLANG_WARN_EMPTY_BODY = YES;
				CLANG_WARN_ENUM_CONVERSION = YES;
				CLANG_WARN_INFINITE_RECURSION = YES;
				CLANG_WARN_INT_CONVERSION = YES;
				CLANG_WARN_NON_LITERAL_NULL_CONVERSION = YES;
				CLANG_WARN_OBJC_IMPLICIT_RETAIN_SELF = YES;
				CLANG_WARN_OBJC_LITERAL_CONVERSION = YES;
				CLANG_WARN_OBJC_ROOT_CLASS = YES_ERROR;
				CLANG_WARN_RANGE_LOOP_ANALYSIS = YES;
				CLANG_WARN_STRICT_PROTOTYPES = YES;
				CLANG_WARN_SUSPICIOUS_MOVE = YES;
				CLANG_WARN_UNGUARDED_AVAILABILITY = YES_AGGRESSIVE;
				CLANG_WARN_UNREACHABLE_CODE = YES;
				CLANG_WARN__DUPLICATE_METHOD_MATCH = YES;
				CODE_SIGN_IDENTITY = "iPhone Developer";
				COPY_PHASE_STRIP = NO;
				DEBUG_INFORMATION_FORMAT = dwarf;
				ENABLE_STRICT_OBJC_MSGSEND = YES;
				ENABLE_TESTABILITY = YES;
				GCC_C_LANGUAGE_STANDARD = gnu11;
				GCC_DYNAMIC_NO_PIC = NO;
				GCC_NO_COMMON_BLOCKS = YES;
				GCC_OPTIMIZATION_LEVEL = 0;
				GCC_PREPROCESSOR_DEFINITIONS = (
					"DEBUG=1",
					"$(inherited)",
				);
				GCC_WARN_64_TO_32_BIT_CONVERSION = YES;
				GCC_WARN_ABOUT_RETURN_TYPE = YES_ERROR;
				GCC_WARN_UNDECLARED_SELECTOR = YES;
				GCC_WARN_UNINITIALIZED_AUTOS = YES_AGGRESSIVE;
				GCC_WARN_UNUSED_FUNCTION = YES;
				GCC_WARN_UNUSED_VARIABLE = YES;
				IPHONEOS_DEPLOYMENT_TARGET = 12.0;
				MTL_ENABLE_DEBUG_INFO = INCLUDE_SOURCE;
				MTL_FAST_MATH = YES;
				ONLY_ACTIVE_ARCH = YES;
				SDKROOT = iphoneos;
				SWIFT_ACTIVE_COMPILATION_CONDITIONS = DEBUG;
				SWIFT_OPTIMIZATION_LEVEL = "-Onone";
			};
			name = Debug;
		};
		F086F5802187C69800E125D8 /* Release */ = {
			isa = XCBuildConfiguration;
			buildSettings = {
				ALWAYS_SEARCH_USER_PATHS = NO;
				CLANG_ANALYZER_NONNULL = YES;
				CLANG_ANALYZER_NUMBER_OBJECT_CONVERSION = YES_AGGRESSIVE;
				CLANG_CXX_LANGUAGE_STANDARD = "gnu++14";
				CLANG_CXX_LIBRARY = "libc++";
				CLANG_ENABLE_MODULES = YES;
				CLANG_ENABLE_OBJC_ARC = YES;
				CLANG_ENABLE_OBJC_WEAK = YES;
				CLANG_WARN_BLOCK_CAPTURE_AUTORELEASING = YES;
				CLANG_WARN_BOOL_CONVERSION = YES;
				CLANG_WARN_COMMA = YES;
				CLANG_WARN_CONSTANT_CONVERSION = YES;
				CLANG_WARN_DEPRECATED_OBJC_IMPLEMENTATIONS = YES;
				CLANG_WARN_DIRECT_OBJC_ISA_USAGE = YES_ERROR;
				CLANG_WARN_DOCUMENTATION_COMMENTS = YES;
				CLANG_WARN_EMPTY_BODY = YES;
				CLANG_WARN_ENUM_CONVERSION = YES;
				CLANG_WARN_INFINITE_RECURSION = YES;
				CLANG_WARN_INT_CONVERSION = YES;
				CLANG_WARN_NON_LITERAL_NULL_CONVERSION = YES;
				CLANG_WARN_OBJC_IMPLICIT_RETAIN_SELF = YES;
				CLANG_WARN_OBJC_LITERAL_CONVERSION = YES;
				CLANG_WARN_OBJC_ROOT_CLASS = YES_ERROR;
				CLANG_WARN_RANGE_LOOP_ANALYSIS = YES;
				CLANG_WARN_STRICT_PROTOTYPES = YES;
				CLANG_WARN_SUSPICIOUS_MOVE = YES;
				CLANG_WARN_UNGUARDED_AVAILABILITY = YES_AGGRESSIVE;
				CLANG_WARN_UNREACHABLE_CODE = YES;
				CLANG_WARN__DUPLICATE_METHOD_MATCH = YES;
				CODE_SIGN_IDENTITY = "iPhone Developer";
				COPY_PHASE_STRIP = NO;
				DEBUG_INFORMATION_FORMAT = "dwarf-with-dsym";
				ENABLE_NS_ASSERTIONS = NO;
				ENABLE_STRICT_OBJC_MSGSEND = YES;
				GCC_C_LANGUAGE_STANDARD = gnu11;
				GCC_NO_COMMON_BLOCKS = YES;
				GCC_WARN_64_TO_32_BIT_CONVERSION = YES;
				GCC_WARN_ABOUT_RETURN_TYPE = YES_ERROR;
				GCC_WARN_UNDECLARED_SELECTOR = YES;
				GCC_WARN_UNINITIALIZED_AUTOS = YES_AGGRESSIVE;
				GCC_WARN_UNUSED_FUNCTION = YES;
				GCC_WARN_UNUSED_VARIABLE = YES;
				IPHONEOS_DEPLOYMENT_TARGET = 12.0;
				MTL_ENABLE_DEBUG_INFO = NO;
				MTL_FAST_MATH = YES;
				SDKROOT = iphoneos;
				SWIFT_COMPILATION_MODE = wholemodule;
				SWIFT_OPTIMIZATION_LEVEL = "-O";
				VALIDATE_PRODUCT = YES;
			};
			name = Release;
		};
		F086F5822187C69800E125D8 /* Debug */ = {
			isa = XCBuildConfiguration;
			baseConfigurationReference = FC20956E397C4DA35D7C4203 /* Pods-watchApp WatchKit Extension.debug.xcconfig */;
			buildSettings = {
				ASSETCATALOG_COMPILER_COMPLICATION_NAME = Complication;
				CODE_SIGN_STYLE = Automatic;
				DEVELOPMENT_TEAM = 43AGK5YP9P;
				INFOPLIST_FILE = "watchApp WatchKit Extension/Info.plist";
				LD_RUNPATH_SEARCH_PATHS = (
					"$(inherited)",
					"@executable_path/Frameworks",
					"@executable_path/../../Frameworks",
				);
				PRODUCT_BUNDLE_IDENTIFIER = capstone.watchApp.watchkitapp.watchkitextension;
				PRODUCT_NAME = "${TARGET_NAME}";
				SDKROOT = watchos;
				SKIP_INSTALL = YES;
				SWIFT_VERSION = 4.2;
				TARGETED_DEVICE_FAMILY = 4;
				WATCHOS_DEPLOYMENT_TARGET = 5.0;
			};
			name = Debug;
		};
		F086F5832187C69800E125D8 /* Release */ = {
			isa = XCBuildConfiguration;
			baseConfigurationReference = EE063F2A11509CEDBB6EDF20 /* Pods-watchApp WatchKit Extension.release.xcconfig */;
			buildSettings = {
				ASSETCATALOG_COMPILER_COMPLICATION_NAME = Complication;
				CODE_SIGN_STYLE = Automatic;
				DEVELOPMENT_TEAM = 43AGK5YP9P;
				INFOPLIST_FILE = "watchApp WatchKit Extension/Info.plist";
				LD_RUNPATH_SEARCH_PATHS = (
					"$(inherited)",
					"@executable_path/Frameworks",
					"@executable_path/../../Frameworks",
				);
				PRODUCT_BUNDLE_IDENTIFIER = capstone.watchApp.watchkitapp.watchkitextension;
				PRODUCT_NAME = "${TARGET_NAME}";
				SDKROOT = watchos;
				SKIP_INSTALL = YES;
				SWIFT_VERSION = 4.2;
				TARGETED_DEVICE_FAMILY = 4;
				WATCHOS_DEPLOYMENT_TARGET = 5.0;
			};
			name = Release;
		};
		F086F5862187C69800E125D8 /* Debug */ = {
			isa = XCBuildConfiguration;
			baseConfigurationReference = F8EC3C33261CEC840A0D92B8 /* Pods-watchApp WatchKit App.debug.xcconfig */;
			buildSettings = {
				ALWAYS_EMBED_SWIFT_STANDARD_LIBRARIES = YES;
				ASSETCATALOG_COMPILER_APPICON_NAME = AppIcon;
				CODE_SIGN_STYLE = Automatic;
				DEVELOPMENT_TEAM = 43AGK5YP9P;
				IBSC_MODULE = watchApp_WatchKit_Extension;
				INFOPLIST_FILE = "watchApp WatchKit App/Info.plist";
				PRODUCT_BUNDLE_IDENTIFIER = capstone.watchApp.watchkitapp;
				PRODUCT_NAME = "$(TARGET_NAME)";
				SDKROOT = watchos;
				SKIP_INSTALL = YES;
				SWIFT_VERSION = 4.2;
				TARGETED_DEVICE_FAMILY = 4;
				WATCHOS_DEPLOYMENT_TARGET = 5.0;
			};
			name = Debug;
		};
		F086F5872187C69800E125D8 /* Release */ = {
			isa = XCBuildConfiguration;
			baseConfigurationReference = BA54E69FB3BBB722013BB6A8 /* Pods-watchApp WatchKit App.release.xcconfig */;
			buildSettings = {
				ALWAYS_EMBED_SWIFT_STANDARD_LIBRARIES = YES;
				ASSETCATALOG_COMPILER_APPICON_NAME = AppIcon;
				CODE_SIGN_STYLE = Automatic;
				DEVELOPMENT_TEAM = 43AGK5YP9P;
				IBSC_MODULE = watchApp_WatchKit_Extension;
				INFOPLIST_FILE = "watchApp WatchKit App/Info.plist";
				PRODUCT_BUNDLE_IDENTIFIER = capstone.watchApp.watchkitapp;
				PRODUCT_NAME = "$(TARGET_NAME)";
				SDKROOT = watchos;
				SKIP_INSTALL = YES;
				SWIFT_VERSION = 4.2;
				TARGETED_DEVICE_FAMILY = 4;
				WATCHOS_DEPLOYMENT_TARGET = 5.0;
			};
			name = Release;
		};
		F086F58A2187C69800E125D8 /* Debug */ = {
			isa = XCBuildConfiguration;
			baseConfigurationReference = 825A3D241B11F2EC705EBE4F /* Pods-watchApp.debug.xcconfig */;
			buildSettings = {
				ASSETCATALOG_COMPILER_APPICON_NAME = AppIcon;
				CODE_SIGN_ENTITLEMENTS = watchApp/watchApp.entitlements;
				CODE_SIGN_STYLE = Automatic;
				DEVELOPMENT_TEAM = "";
				INFOPLIST_FILE = watchApp/Info.plist;
				LD_RUNPATH_SEARCH_PATHS = (
					"$(inherited)",
					"@executable_path/Frameworks",
				);
				PRODUCT_BUNDLE_IDENTIFIER = capstone.watchApp;
				PRODUCT_NAME = "$(TARGET_NAME)";
				SWIFT_VERSION = 4.2;
				TARGETED_DEVICE_FAMILY = "1,2";
			};
			name = Debug;
		};
		F086F58B2187C69800E125D8 /* Release */ = {
			isa = XCBuildConfiguration;
			baseConfigurationReference = 74241C08FB9046273E340883 /* Pods-watchApp.release.xcconfig */;
			buildSettings = {
				ASSETCATALOG_COMPILER_APPICON_NAME = AppIcon;
				CODE_SIGN_ENTITLEMENTS = watchApp/watchApp.entitlements;
				CODE_SIGN_STYLE = Automatic;
				DEVELOPMENT_TEAM = "";
				INFOPLIST_FILE = watchApp/Info.plist;
				LD_RUNPATH_SEARCH_PATHS = (
					"$(inherited)",
					"@executable_path/Frameworks",
				);
				PRODUCT_BUNDLE_IDENTIFIER = capstone.watchApp;
				PRODUCT_NAME = "$(TARGET_NAME)";
				SWIFT_VERSION = 4.2;
				TARGETED_DEVICE_FAMILY = "1,2";
			};
			name = Release;
		};
		F086F58D2187C69800E125D8 /* Debug */ = {
			isa = XCBuildConfiguration;
			baseConfigurationReference = 98688F6833F5CDD0EBA2E6FA /* Pods-watchAppTests.debug.xcconfig */;
			buildSettings = {
				ALWAYS_EMBED_SWIFT_STANDARD_LIBRARIES = YES;
				BUNDLE_LOADER = "$(TEST_HOST)";
				CODE_SIGN_STYLE = Automatic;
				DEVELOPMENT_TEAM = 43AGK5YP9P;
				INFOPLIST_FILE = watchAppTests/Info.plist;
				LD_RUNPATH_SEARCH_PATHS = (
					"$(inherited)",
					"@executable_path/Frameworks",
					"@loader_path/Frameworks",
				);
				PRODUCT_BUNDLE_IDENTIFIER = capstone.watchAppTests;
				PRODUCT_NAME = "$(TARGET_NAME)";
				SWIFT_VERSION = 4.2;
				TARGETED_DEVICE_FAMILY = "1,2";
				TEST_HOST = "$(BUILT_PRODUCTS_DIR)/watchApp.app/watchApp";
			};
			name = Debug;
		};
		F086F58E2187C69800E125D8 /* Release */ = {
			isa = XCBuildConfiguration;
			baseConfigurationReference = BDD19CD5EE30B903FAFC19AD /* Pods-watchAppTests.release.xcconfig */;
			buildSettings = {
				ALWAYS_EMBED_SWIFT_STANDARD_LIBRARIES = YES;
				BUNDLE_LOADER = "$(TEST_HOST)";
				CODE_SIGN_STYLE = Automatic;
				DEVELOPMENT_TEAM = 43AGK5YP9P;
				INFOPLIST_FILE = watchAppTests/Info.plist;
				LD_RUNPATH_SEARCH_PATHS = (
					"$(inherited)",
					"@executable_path/Frameworks",
					"@loader_path/Frameworks",
				);
				PRODUCT_BUNDLE_IDENTIFIER = capstone.watchAppTests;
				PRODUCT_NAME = "$(TARGET_NAME)";
				SWIFT_VERSION = 4.2;
				TARGETED_DEVICE_FAMILY = "1,2";
				TEST_HOST = "$(BUILT_PRODUCTS_DIR)/watchApp.app/watchApp";
			};
			name = Release;
		};
		F086F5902187C69800E125D8 /* Debug */ = {
			isa = XCBuildConfiguration;
			baseConfigurationReference = 37879F877F77F01C7D403C1C /* Pods-watchAppUITests.debug.xcconfig */;
			buildSettings = {
				ALWAYS_EMBED_SWIFT_STANDARD_LIBRARIES = YES;
				CODE_SIGN_STYLE = Automatic;
				DEVELOPMENT_TEAM = 43AGK5YP9P;
				INFOPLIST_FILE = watchAppUITests/Info.plist;
				LD_RUNPATH_SEARCH_PATHS = (
					"$(inherited)",
					"@executable_path/Frameworks",
					"@loader_path/Frameworks",
				);
				PRODUCT_BUNDLE_IDENTIFIER = capstone.watchAppUITests;
				PRODUCT_NAME = "$(TARGET_NAME)";
				SWIFT_VERSION = 4.2;
				TARGETED_DEVICE_FAMILY = "1,2";
				TEST_TARGET_NAME = watchApp;
			};
			name = Debug;
		};
		F086F5912187C69800E125D8 /* Release */ = {
			isa = XCBuildConfiguration;
			baseConfigurationReference = D571C628720679429343D8BC /* Pods-watchAppUITests.release.xcconfig */;
			buildSettings = {
				ALWAYS_EMBED_SWIFT_STANDARD_LIBRARIES = YES;
				CODE_SIGN_STYLE = Automatic;
				DEVELOPMENT_TEAM = 43AGK5YP9P;
				INFOPLIST_FILE = watchAppUITests/Info.plist;
				LD_RUNPATH_SEARCH_PATHS = (
					"$(inherited)",
					"@executable_path/Frameworks",
					"@loader_path/Frameworks",
				);
				PRODUCT_BUNDLE_IDENTIFIER = capstone.watchAppUITests;
				PRODUCT_NAME = "$(TARGET_NAME)";
				SWIFT_VERSION = 4.2;
				TARGETED_DEVICE_FAMILY = "1,2";
				TEST_TARGET_NAME = watchApp;
			};
			name = Release;
		};
/* End XCBuildConfiguration section */

/* Begin XCConfigurationList section */
		F086F5342187C69700E125D8 /* Build configuration list for PBXProject "watchApp" */ = {
			isa = XCConfigurationList;
			buildConfigurations = (
				F086F57F2187C69800E125D8 /* Debug */,
				F086F5802187C69800E125D8 /* Release */,
			);
			defaultConfigurationIsVisible = 0;
			defaultConfigurationName = Release;
		};
		F086F5812187C69800E125D8 /* Build configuration list for PBXNativeTarget "watchApp WatchKit Extension" */ = {
			isa = XCConfigurationList;
			buildConfigurations = (
				F086F5822187C69800E125D8 /* Debug */,
				F086F5832187C69800E125D8 /* Release */,
			);
			defaultConfigurationIsVisible = 0;
			defaultConfigurationName = Release;
		};
		F086F5852187C69800E125D8 /* Build configuration list for PBXNativeTarget "watchApp WatchKit App" */ = {
			isa = XCConfigurationList;
			buildConfigurations = (
				F086F5862187C69800E125D8 /* Debug */,
				F086F5872187C69800E125D8 /* Release */,
			);
			defaultConfigurationIsVisible = 0;
			defaultConfigurationName = Release;
		};
		F086F5892187C69800E125D8 /* Build configuration list for PBXNativeTarget "watchApp" */ = {
			isa = XCConfigurationList;
			buildConfigurations = (
				F086F58A2187C69800E125D8 /* Debug */,
				F086F58B2187C69800E125D8 /* Release */,
			);
			defaultConfigurationIsVisible = 0;
			defaultConfigurationName = Release;
		};
		F086F58C2187C69800E125D8 /* Build configuration list for PBXNativeTarget "watchAppTests" */ = {
			isa = XCConfigurationList;
			buildConfigurations = (
				F086F58D2187C69800E125D8 /* Debug */,
				F086F58E2187C69800E125D8 /* Release */,
			);
			defaultConfigurationIsVisible = 0;
			defaultConfigurationName = Release;
		};
		F086F58F2187C69800E125D8 /* Build configuration list for PBXNativeTarget "watchAppUITests" */ = {
			isa = XCConfigurationList;
			buildConfigurations = (
				F086F5902187C69800E125D8 /* Debug */,
				F086F5912187C69800E125D8 /* Release */,
			);
			defaultConfigurationIsVisible = 0;
			defaultConfigurationName = Release;
		};
/* End XCConfigurationList section */
	};
	rootObject = F086F5312187C69700E125D8 /* Project object */;
}
